
Microsoft Visual Studio Solution File, Format Version 12.00
# Visual Studio Version 16
VisualStudioVersion = 16.0.30804.86
MinimumVisualStudioVersion = 10.0.40219.1
Project("{9A19103F-16F7-4668-BE54-9A1E7A4F7556}") = "DIO.Bank", "DIO.Bank.csproj", "{45C4A851-1B42-4EBD-B982-EDA1A08532CD}"
EndProject
Global
	GlobalSection(SolutionConfigurationPlatforms) = preSolution
		Debug|Any CPU = Debug|Any CPU
		Release|Any CPU = Release|Any CPU
	EndGlobalSection
	GlobalSection(ProjectConfigurationPlatforms) = postSolution
		{45C4A851-1B42-4EBD-B982-EDA1A08532CD}.Debug|Any CPU.ActiveCfg = Debug|Any CPU
		{45C4A851-1B42-4EBD-B982-EDA1A08532CD}.Debug|Any CPU.Build.0 = Debug|Any CPU
		{45C4A851-1B42-4EBD-B982-EDA1A08532CD}.Release|Any CPU.ActiveCfg = Release|Any CPU
		{45C4A851-1B42-4EBD-B982-EDA1A08532CD}.Release|Any CPU.Build.0 = Release|Any CPU
	EndGlobalSection
	GlobalSection(SolutionProperties) = preSolution
		HideSolutionNode = FALSE
	EndGlobalSection
	GlobalSection(ExtensibilityGlobals) = postSolution
		SolutionGuid = {6C9CC486-B36E-41E0-9079-4502BC967B53}
	EndGlobalSection
EndGlobal
